lockfile_version: '1'
dependencies: []
deployments:
- kind: project-relative
  target: copilot
  value: .github/agents/saba-api-builder.agent.md
  runtime: null
  scope: project
  owners:
  - .
  active_owner: .
  content_hash: sha256:7cf6d3ef434cc75a01da8b26b1a986a72d39cdf52686c7fe577ec4151d5fcb04
- kind: project-relative
  target: copilot
  value: .github/agents/saba-api-designer.agent.md
  runtime: null
  scope: project
  owners:
  - .
  active_owner: .
  content_hash: sha256:f3c35259f07664c942cf496d9e611031f6805848e5efd0414f43eb1981734b42
- kind: project-relative
  target: copilot
  value: .github/agents/saba-api-reviewer.agent.md
  runtime: null
  scope: project
  owners:
  - .
  active_owner: .
  content_hash: sha256:c962a3c850841b86662d96b5354737a109d4cb2f08901e3c32d0b03de036a50f
- kind: project-relative
  target: copilot
  value: .github/instructions/saba-api-contract.instructions.md
  runtime: null
  scope: project
  owners:
  - .
  active_owner: .
  content_hash: sha256:b29f6a7e824aa1451571354d089e5f53a5e3b6070b4af6c52aed8f9bdd91edc0
- kind: project-relative
  target: copilot
  value: .github/instructions/saba-api-observability.instructions.md
  runtime: null
  scope: project
  owners:
  - .
  active_owner: .
  content_hash: sha256:f97a3d1c79b0acac6f1c5d3156035b8defb3d841b5252bf64a3992e5f9e6e3b2
- kind: project-relative
  target: copilot
  value: .github/instructions/saba-api-security.instructions.md
  runtime: null
  scope: project
  owners:
  - .
  active_owner: .
  content_hash: sha256:8aeadf3fef14faa2932a2728da4da81ee75cd55077840282d4a3ccba650922a1
- kind: project-relative
  target: copilot
  value: .github/instructions/saba-api-testing.instructions.md
  runtime: null
  scope: project
  owners:
  - .
  active_owner: .
  content_hash: sha256:6cfd7ca8d81cd435e4a5b0e353439746323b8810cf414ef0d565b85292e9ec04
- kind: project-relative
  target: copilot
  value: .github/instructions/saba-fastapi.instructions.md
  runtime: null
  scope: project
  owners:
  - .
  active_owner: .
  content_hash: sha256:e103b8ff90da3c1818c76fbc2227a4c3a48cc137e1171e28b91f7cc59f0dbc46
- kind: project-relative
  target: copilot
  value: .github/prompts/saba-build-endpoint.prompt.md
  runtime: null
  scope: project
  owners:
  - .
  active_owner: .
  content_hash: sha256:2900419a5ea68adffc7b77106409c6c88c5765a8e09fb083d2d0b2df0bbfc14f
- kind: project-relative
  target: copilot
  value: .github/prompts/saba-design-endpoint.prompt.md
  runtime: null
  scope: project
  owners:
  - .
  active_owner: .
  content_hash: sha256:001539818c7b5c7dbd55b208d342be698dd58eb294dc75acee32404fac1237a5
- kind: project-relative
  target: copilot
  value: .github/prompts/saba-review-endpoint.prompt.md
  runtime: null
  scope: project
  owners:
  - .
  active_owner: .
  content_hash: sha256:8b2e10433ac7cd06dd29d5dfb89129a27c6af7fac7bcf75bb0e8678ae44aa059
- kind: project-relative
  target: legacy
  value: .agents/skills/saba-design-endpoint
  runtime: null
  scope: project
  owners:
  - .
  active_owner: .
  content_hash: null
- kind: project-relative
  target: legacy
  value: .agents/skills/saba-design-endpoint/SKILL.md
  runtime: null
  scope: project
  owners:
  - .
  active_owner: .
  content_hash: sha256:64387bc053c3370f73076ed176e98adb952df2ffaa9c0817e264fef8e581ec2c
- kind: project-relative
  target: legacy
  value: .agents/skills/saba-design-endpoint/references/contract-template.md
  runtime: null
  scope: project
  owners:
  - .
  active_owner: .
  content_hash: sha256:053c45212012876b1e9f186763c89f4bc21881869b0fb90438017bdfe4800439
- kind: project-relative
  target: legacy
  value: .agents/skills/saba-implement-fastapi-endpoint
  runtime: null
  scope: project
  owners:
  - .
  active_owner: .
  content_hash: null
- kind: project-relative
  target: legacy
  value: .agents/skills/saba-implement-fastapi-endpoint/SKILL.md
  runtime: null
  scope: project
  owners:
  - .
  active_owner: .
  content_hash: sha256:fc7a957370c3ac9eff753d7a0f4fb77942d4929bd744d977875709cff68070e9
- kind: project-relative
  target: legacy
  value: .agents/skills/saba-implement-fastapi-endpoint/references/implementation-checklist.md
  runtime: null
  scope: project
  owners:
  - .
  active_owner: .
  content_hash: sha256:e2e593f81ae611cd6bb17848a15dc26576d08ed9226ee0cf6b5c2d6f07b909ee
- kind: project-relative
  target: legacy
  value: .agents/skills/saba-verify-api
  runtime: null
  scope: project
  owners:
  - .
  active_owner: .
  content_hash: null
- kind: project-relative
  target: legacy
  value: .agents/skills/saba-verify-api/SKILL.md
  runtime: null
  scope: project
  owners:
  - .
  active_owner: .
  content_hash: sha256:c29fda4eaacfc38de5c09470c35b8fa8df80a6a39f7f17a3914983eb39f259ef
- kind: project-relative
  target: legacy
  value: .agents/skills/saba-verify-api/references/verification-matrix.md
  runtime: null
  scope: project
  owners:
  - .
  active_owner: .
  content_hash: sha256:a9951d80ce73e600d620b4733601e33d8bb5730127ada3e28a8993b2ea970918
local_deployed_files:
- .agents/skills/saba-design-endpoint
- .agents/skills/saba-design-endpoint/SKILL.md
- .agents/skills/saba-design-endpoint/references/contract-template.md
- .agents/skills/saba-implement-fastapi-endpoint
- .agents/skills/saba-implement-fastapi-endpoint/SKILL.md
- .agents/skills/saba-implement-fastapi-endpoint/references/implementation-checklist.md
- .agents/skills/saba-verify-api
- .agents/skills/saba-verify-api/SKILL.md
- .agents/skills/saba-verify-api/references/verification-matrix.md
- .github/agents/saba-api-builder.agent.md
- .github/agents/saba-api-designer.agent.md
- .github/agents/saba-api-reviewer.agent.md
- .github/instructions/saba-api-contract.instructions.md
- .github/instructions/saba-api-observability.instructions.md
- .github/instructions/saba-api-security.instructions.md
- .github/instructions/saba-api-testing.instructions.md
- .github/instructions/saba-fastapi.instructions.md
- .github/prompts/saba-build-endpoint.prompt.md
- .github/prompts/saba-design-endpoint.prompt.md
- .github/prompts/saba-review-endpoint.prompt.md
local_deployed_file_hashes:
  .agents/skills/saba-design-endpoint/SKILL.md: sha256:64387bc053c3370f73076ed176e98adb952df2ffaa9c0817e264fef8e581ec2c
  .agents/skills/saba-design-endpoint/references/contract-template.md: sha256:053c45212012876b1e9f186763c89f4bc21881869b0fb90438017bdfe4800439
  .agents/skills/saba-implement-fastapi-endpoint/SKILL.md: sha256:fc7a957370c3ac9eff753d7a0f4fb77942d4929bd744d977875709cff68070e9
  .agents/skills/saba-implement-fastapi-endpoint/references/implementation-checklist.md: sha256:e2e593f81ae611cd6bb17848a15dc26576d08ed9226ee0cf6b5c2d6f07b909ee
  .agents/skills/saba-verify-api/SKILL.md: sha256:c29fda4eaacfc38de5c09470c35b8fa8df80a6a39f7f17a3914983eb39f259ef
  .agents/skills/saba-verify-api/references/verification-matrix.md: sha256:a9951d80ce73e600d620b4733601e33d8bb5730127ada3e28a8993b2ea970918
  .github/agents/saba-api-builder.agent.md: sha256:7cf6d3ef434cc75a01da8b26b1a986a72d39cdf52686c7fe577ec4151d5fcb04
  .github/agents/saba-api-designer.agent.md: sha256:f3c35259f07664c942cf496d9e611031f6805848e5efd0414f43eb1981734b42
  .github/agents/saba-api-reviewer.agent.md: sha256:c962a3c850841b86662d96b5354737a109d4cb2f08901e3c32d0b03de036a50f
  .github/instructions/saba-api-contract.instructions.md: sha256:b29f6a7e824aa1451571354d089e5f53a5e3b6070b4af6c52aed8f9bdd91edc0
  .github/instructions/saba-api-observability.instructions.md: sha256:f97a3d1c79b0acac6f1c5d3156035b8defb3d841b5252bf64a3992e5f9e6e3b2
  .github/instructions/saba-api-security.instructions.md: sha256:8aeadf3fef14faa2932a2728da4da81ee75cd55077840282d4a3ccba650922a1
  .github/instructions/saba-api-testing.instructions.md: sha256:6cfd7ca8d81cd435e4a5b0e353439746323b8810cf414ef0d565b85292e9ec04
  .github/instructions/saba-fastapi.instructions.md: sha256:e103b8ff90da3c1818c76fbc2227a4c3a48cc137e1171e28b91f7cc59f0dbc46
  .github/prompts/saba-build-endpoint.prompt.md: sha256:2900419a5ea68adffc7b77106409c6c88c5765a8e09fb083d2d0b2df0bbfc14f
  .github/prompts/saba-design-endpoint.prompt.md: sha256:001539818c7b5c7dbd55b208d342be698dd58eb294dc75acee32404fac1237a5
  .github/prompts/saba-review-endpoint.prompt.md: sha256:8b2e10433ac7cd06dd29d5dfb89129a27c6af7fac7bcf75bb0e8678ae44aa059
